
Microsoft Visual Studio Solution File, Format Version 12.00
# Visual Studio 2012
Project("{FAE04EC0-301F-11D3-BF4B-00C04F79EFBC}") = "Cats", "MMVM_RacasGatos\Cats.csproj", "{B9C767FE-7710-4EC1-A653-6E01E1BB3672}"
EndProject
Project("{FAE04EC0-301F-11D3-BF4B-00C04F79EFBC}") = "Cats.Droid", "Droid\Cats.Droid.csproj", "{365E29A1-7ED4-463B-91FD-413E682D8CE8}"
EndProject
Global
	GlobalSection(SolutionConfigurationPlatforms) = preSolution
		Debug|Any CPU = Debug|Any CPU
		Release|Any CPU = Release|Any CPU
	EndGlobalSection
	GlobalSection(ProjectConfigurationPlatforms) = postSolution
		{B9C767FE-7710-4EC1-A653-6E01E1BB3672}.Debug|Any CPU.ActiveCfg = Debug|Any CPU
		{B9C767FE-7710-4EC1-A653-6E01E1BB3672}.Debug|Any CPU.Build.0 = Debug|Any CPU
		{B9C767FE-7710-4EC1-A653-6E01E1BB3672}.Release|Any CPU.ActiveCfg = Release|Any CPU
		{B9C767FE-7710-4EC1-A653-6E01E1BB3672}.Release|Any CPU.Build.0 = Release|Any CPU
		{365E29A1-7ED4-463B-91FD-413E682D8CE8}.Debug|Any CPU.ActiveCfg = Debug|Any CPU
		{365E29A1-7ED4-463B-91FD-413E682D8CE8}.Debug|Any CPU.Build.0 = Debug|Any CPU
		{365E29A1-7ED4-463B-91FD-413E682D8CE8}.Release|Any CPU.ActiveCfg = Release|Any CPU
		{365E29A1-7ED4-463B-91FD-413E682D8CE8}.Release|Any CPU.Build.0 = Release|Any CPU
	EndGlobalSection
EndGlobal
